
Microsoft Visual Studio Solution File, Format Version 12.00
# Visual Studio Version 17
VisualStudioVersion = 17.10.34928.147
MinimumVisualStudioVersion = 10.0.40219.1
Project("{FAE04EC0-301F-11D3-BF4B-00C04F79EFBC}") = "Atividade H1 1", "Atividade H1 1.csproj", "{3590E151-9066-4F8D-BD9B-9386EB75A771}"
EndProject
Global
	GlobalSection(SolutionConfigurationPlatforms) = preSolution
		Debug|Any CPU = Debug|Any CPU
		Release|Any CPU = Release|Any CPU
	EndGlobalSection
	GlobalSection(ProjectConfigurationPlatforms) = postSolution
		{3590E151-9066-4F8D-BD9B-9386EB75A771}.Debug|Any CPU.ActiveCfg = Debug|Any CPU
		{3590E151-9066-4F8D-BD9B-9386EB75A771}.Debug|Any CPU.Build.0 = Debug|Any CPU
		{3590E151-9066-4F8D-BD9B-9386EB75A771}.Release|Any CPU.ActiveCfg = Release|Any CPU
		{3590E151-9066-4F8D-BD9B-9386EB75A771}.Release|Any CPU.Build.0 = Release|Any CPU
	EndGlobalSection
	GlobalSection(SolutionProperties) = preSolution
		HideSolutionNode = FALSE
	EndGlobalSection
	GlobalSection(ExtensibilityGlobals) = postSolution
		SolutionGuid = {0BFF6DC9-B42F-4FDC-88E1-C469ACBA5FBA}
	EndGlobalSection
EndGlobal
